<?xml version="1.0" encoding="utf-8"?>
<Project ToolsVersion="4.0" xmlns="http://schemas.microsoft.com/developer/msbuild/2003">
  <ItemGroup>
    <Filter Include="Source Files">
      <UniqueIdentifier>{4FC737F1-C7A5-4376-A066-2A32D752A2FF}</UniqueIdentifier>
      <Extensions>cpp;c;cc;cxx;def;odl;idl;hpj;bat;asm;asmx</Extensions>
    </Filter>
    <Filter Include="Header Files">
      <UniqueIdentifier>{93995380-89BD-4b04-88EB-625FBE52EBFB}</UniqueIdentifier>
      <Extensions>h;hpp;hxx;hm;inl;inc;xsd</Extensions>
    </Filter>
    <Filter Include="Header Files\Resource Files">
      <UniqueIdentifier>{67DA6AB6-F800-4c08-8B7A-83BB121AAD01}</UniqueIdentifier>
      <Extensions>rc;ico;cur;bmp;dlg;rc2;rct;bin;rgs;gif;jpg;jpeg;jpe;resx;tiff;tif;png;wav;mfcribbon-ms</Extensions>
    </Filter>
    <Filter Include="shaders">
      <UniqueIdentifier>{dbabc3b3-ecd3-4275-935a-f847736af351}</UniqueIdentifier>
    </Filter>
  </ItemGroup>
  <ItemGroup>
    <None Include="ReadMe.txt" />
    <None Include="shaders\vertex.shader.glsl">
      <Filter>shaders</Filter>
    </None>
    <None Include="shaders\fragment.shader.glsl">
      <Filter>shaders</Filter>
    </None>
  </ItemGroup>
  <ItemGroup>
    <ClInclude Include="myVertex.h">
      <Filter>Header Files</Filter>
    </ClInclude>
    <ClInclude Include="myHalfedge.h">
      <Filter>Header Files</Filter>
    </ClInclude>
    <ClInclude Include="myFace.h">
      <Filter>Header Files</Filter>
    </ClInclude>
    <ClInclude Include="myMesh.h">
      <Filter>Header Files</Filter>
    </ClInclude>
    <ClInclude Include="myShader.h">
      <Filter>Header Files</Filter>
    </ClInclude>
    <ClInclude Include="myCamera.h">
      <Filter>Header Files</Filter>
    </ClInclude>
    <ClInclude Include="default_constants.h">
      <Filter>Header Files</Filter>
    </ClInclude>
    <ClInclude Include="myFrameGUI.h">
      <Filter>Header Files</Filter>
    </ClInclude>
    <ClInclude Include="myGLCanvasGUI.h">
      <Filter>Header Files</Filter>
    </ClInclude>
    <ClInclude Include="mySegment.h">
      <Filter>Header Files</Filter>
    </ClInclude>
    <ClInclude Include="myPlane3D.h">
      <Filter>Header Files</Filter>
    </ClInclude>
    <ClInclude Include="helper_functions.h">
      <Filter>Header Files</Filter>
    </ClInclude>
    <ClInclude Include="controls.def">
      <Filter>Header Files</Filter>
    </ClInclude>
    <ClInclude Include="myAABB.h">
      <Filter>Header Files</Filter>
    </ClInclude>
    <ClInclude Include="myAABBnode.h">
      <Filter>Header Files</Filter>
    </ClInclude>
    <ClInclude Include="myBVH.h">
      <Filter>Header Files</Filter>
    </ClInclude>
    <ClInclude Include="errors.h">
      <Filter>Header Files</Filter>
    </ClInclude>
  </ItemGroup>
  <ItemGroup>
    <ClCompile Include="myVertex.cpp">
      <Filter>Source Files</Filter>
    </ClCompile>
    <ClCompile Include="myHalfedge.cpp">
      <Filter>Source Files</Filter>
    </ClCompile>
    <ClCompile Include="myFace.cpp">
      <Filter>Source Files</Filter>
    </ClCompile>
    <ClCompile Include="myMesh.cpp">
      <Filter>Source Files</Filter>
    </ClCompile>
    <ClCompile Include="main.cpp">
      <Filter>Source Files</Filter>
    </ClCompile>
    <ClCompile Include="myShader.cpp">
      <Filter>Source Files</Filter>
    </ClCompile>
    <ClCompile Include="myCamera.cpp">
      <Filter>Source Files</Filter>
    </ClCompile>
    <ClCompile Include="myFrameGUI.cpp">
      <Filter>Source Files</Filter>
    </ClCompile>
    <ClCompile Include="myGLCanvasGUI.cpp">
      <Filter>Source Files</Filter>
    </ClCompile>
    <ClCompile Include="mySegment.cpp">
      <Filter>Source Files</Filter>
    </ClCompile>
    <ClCompile Include="myPlane3D.cpp">
      <Filter>Source Files</Filter>
    </ClCompile>
    <ClCompile Include="helper_functions.cpp">
      <Filter>Source Files</Filter>
    </ClCompile>
    <ClCompile Include="myAABB.cpp">
      <Filter>Source Files</Filter>
    </ClCompile>
    <ClCompile Include="myAABBnode.cpp">
      <Filter>Source Files</Filter>
    </ClCompile>
    <ClCompile Include="myBVH.cpp">
      <Filter>Source Files</Filter>
    </ClCompile>
  </ItemGroup>
</Project>